
Microsoft Visual Studio Solution File, Format Version 12.00
# Visual Studio 15
VisualStudioVersion = 15.0.28307.645
MinimumVisualStudioVersion = 10.0.40219.1
Project("{8BC9CEB8-8B4A-11D0-8D11-00A0C91BC942}") = "tpyinfo", "tpyinfo.vcxproj", "{A69727FC-01BF-41FD-BE70-B9C279EF59FA}"
	ProjectSection(ProjectDependencies) = postProject
		{173AE897-42E3-4372-BB45-2E488B6D8B33} = {173AE897-42E3-4372-BB45-2E488B6D8B33}
		{03ABA6D0-00A0-430E-9749-F88C72FF2A0D} = {03ABA6D0-00A0-430E-9749-F88C72FF2A0D}
	EndProjectSection
EndProject
Project("{8BC9CEB8-8B4A-11D0-8D11-00A0C91BC942}") = "EpicsDbGen", "EpicsDbGen.vcxproj", "{7F81F497-94AD-42CB-8261-65EF03B4523A}"
	ProjectSection(ProjectDependencies) = postProject
		{173AE897-42E3-4372-BB45-2E488B6D8B33} = {173AE897-42E3-4372-BB45-2E488B6D8B33}
		{98E2329D-D9B7-4C4B-9838-745FEEDC1C9A} = {98E2329D-D9B7-4C4B-9838-745FEEDC1C9A}
		{03ABA6D0-00A0-430E-9749-F88C72FF2A0D} = {03ABA6D0-00A0-430E-9749-F88C72FF2A0D}
	EndProjectSection
EndProject
Project("{8BC9CEB8-8B4A-11D0-8D11-00A0C91BC942}") = "tcIoc", "tcIoc.vcxproj", "{D63BABF7-8745-477C-8710-30B116886C99}"
	ProjectSection(ProjectDependencies) = postProject
		{20AD3257-8FA8-4C1F-88DF-B96343404C6A} = {20AD3257-8FA8-4C1F-88DF-B96343404C6A}
		{173AE897-42E3-4372-BB45-2E488B6D8B33} = {173AE897-42E3-4372-BB45-2E488B6D8B33}
	EndProjectSection
EndProject
Project("{8BC9CEB8-8B4A-11D0-8D11-00A0C91BC942}") = "tcIocSupport", "tcIocSupport.vcxproj", "{20AD3257-8FA8-4C1F-88DF-B96343404C6A}"
	ProjectSection(ProjectDependencies) = postProject
		{173AE897-42E3-4372-BB45-2E488B6D8B33} = {173AE897-42E3-4372-BB45-2E488B6D8B33}
		{98E2329D-D9B7-4C4B-9838-745FEEDC1C9A} = {98E2329D-D9B7-4C4B-9838-745FEEDC1C9A}
		{03ABA6D0-00A0-430E-9749-F88C72FF2A0D} = {03ABA6D0-00A0-430E-9749-F88C72FF2A0D}
	EndProjectSection
EndProject
Project("{8BC9CEB8-8B4A-11D0-8D11-00A0C91BC942}") = "EpicsDbLib", "EpicsDbLib.vcxproj", "{98E2329D-D9B7-4C4B-9838-745FEEDC1C9A}"
	ProjectSection(ProjectDependencies) = postProject
		{173AE897-42E3-4372-BB45-2E488B6D8B33} = {173AE897-42E3-4372-BB45-2E488B6D8B33}
	EndProjectSection
EndProject
Project("{8BC9CEB8-8B4A-11D0-8D11-00A0C91BC942}") = "tpylib", "tpylib.vcxproj", "{03ABA6D0-00A0-430E-9749-F88C72FF2A0D}"
	ProjectSection(ProjectDependencies) = postProject
		{173AE897-42E3-4372-BB45-2E488B6D8B33} = {173AE897-42E3-4372-BB45-2E488B6D8B33}
	EndProjectSection
EndProject
Project("{8BC9CEB8-8B4A-11D0-8D11-00A0C91BC942}") = "Revision", "Revision.vcxproj", "{173AE897-42E3-4372-BB45-2E488B6D8B33}"
EndProject
Global
	GlobalSection(SolutionConfigurationPlatforms) = preSolution
		Debug|Win32 = Debug|Win32
		Debug|Win64 = Debug|Win64
		Release|Win32 = Release|Win32
		Release|Win64 = Release|Win64
	EndGlobalSection
	GlobalSection(ProjectConfigurationPlatforms) = postSolution
		{A69727FC-01BF-41FD-BE70-B9C279EF59FA}.Debug|Win32.ActiveCfg = Debug|Win32
		{A69727FC-01BF-41FD-BE70-B9C279EF59FA}.Debug|Win32.Build.0 = Debug|Win32
		{A69727FC-01BF-41FD-BE70-B9C279EF59FA}.Debug|Win64.ActiveCfg = Debug|x64
		{A69727FC-01BF-41FD-BE70-B9C279EF59FA}.Debug|Win64.Build.0 = Debug|x64
		{A69727FC-01BF-41FD-BE70-B9C279EF59FA}.Release|Win32.ActiveCfg = Release|Win32
		{A69727FC-01BF-41FD-BE70-B9C279EF59FA}.Release|Win32.Build.0 = Release|Win32
		{A69727FC-01BF-41FD-BE70-B9C279EF59FA}.Release|Win64.ActiveCfg = Release|x64
		{A69727FC-01BF-41FD-BE70-B9C279EF59FA}.Release|Win64.Build.0 = Release|x64
		{7F81F497-94AD-42CB-8261-65EF03B4523A}.Debug|Win32.ActiveCfg = Debug|Win32
		{7F81F497-94AD-42CB-8261-65EF03B4523A}.Debug|Win32.Build.0 = Debug|Win32
		{7F81F497-94AD-42CB-8261-65EF03B4523A}.Debug|Win64.ActiveCfg = Debug|x64
		{7F81F497-94AD-42CB-8261-65EF03B4523A}.Debug|Win64.Build.0 = Debug|x64
		{7F81F497-94AD-42CB-8261-65EF03B4523A}.Release|Win32.ActiveCfg = Release|Win32
		{7F81F497-94AD-42CB-8261-65EF03B4523A}.Release|Win32.Build.0 = Release|Win32
		{7F81F497-94AD-42CB-8261-65EF03B4523A}.Release|Win64.ActiveCfg = Release|x64
		{7F81F497-94AD-42CB-8261-65EF03B4523A}.Release|Win64.Build.0 = Release|x64
		{D63BABF7-8745-477C-8710-30B116886C99}.Debug|Win32.ActiveCfg = Debug|Win32
		{D63BABF7-8745-477C-8710-30B116886C99}.Debug|Win32.Build.0 = Debug|Win32
		{D63BABF7-8745-477C-8710-30B116886C99}.Debug|Win64.ActiveCfg = Debug|x64
		{D63BABF7-8745-477C-8710-30B116886C99}.Debug|Win64.Build.0 = Debug|x64
		{D63BABF7-8745-477C-8710-30B116886C99}.Release|Win32.ActiveCfg = Release|Win32
		{D63BABF7-8745-477C-8710-30B116886C99}.Release|Win32.Build.0 = Release|Win32
		{D63BABF7-8745-477C-8710-30B116886C99}.Release|Win64.ActiveCfg = Release|x64
		{D63BABF7-8745-477C-8710-30B116886C99}.Release|Win64.Build.0 = Release|x64
		{20AD3257-8FA8-4C1F-88DF-B96343404C6A}.Debug|Win32.ActiveCfg = Debug|Win32
		{20AD3257-8FA8-4C1F-88DF-B96343404C6A}.Debug|Win32.Build.0 = Debug|Win32
		{20AD3257-8FA8-4C1F-88DF-B96343404C6A}.Debug|Win64.ActiveCfg = Debug|x64
		{20AD3257-8FA8-4C1F-88DF-B96343404C6A}.Debug|Win64.Build.0 = Debug|x64
		{20AD3257-8FA8-4C1F-88DF-B96343404C6A}.Release|Win32.ActiveCfg = Release|Win32
		{20AD3257-8FA8-4C1F-88DF-B96343404C6A}.Release|Win32.Build.0 = Release|Win32
		{20AD3257-8FA8-4C1F-88DF-B96343404C6A}.Release|Win64.ActiveCfg = Release|x64
		{20AD3257-8FA8-4C1F-88DF-B96343404C6A}.Release|Win64.Build.0 = Release|x64
		{98E2329D-D9B7-4C4B-9838-745FEEDC1C9A}.Debug|Win32.ActiveCfg = Debug|Win32
		{98E2329D-D9B7-4C4B-9838-745FEEDC1C9A}.Debug|Win32.Build.0 = Debug|Win32
		{98E2329D-D9B7-4C4B-9838-745FEEDC1C9A}.Debug|Win64.ActiveCfg = Debug|x64
		{98E2329D-D9B7-4C4B-9838-745FEEDC1C9A}.Debug|Win64.Build.0 = Debug|x64
		{98E2329D-D9B7-4C4B-9838-745FEEDC1C9A}.Release|Win32.ActiveCfg = Release|Win32
		{98E2329D-D9B7-4C4B-9838-745FEEDC1C9A}.Release|Win32.Build.0 = Release|Win32
		{98E2329D-D9B7-4C4B-9838-745FEEDC1C9A}.Release|Win64.ActiveCfg = Release|x64
		{98E2329D-D9B7-4C4B-9838-745FEEDC1C9A}.Release|Win64.Build.0 = Release|x64
		{03ABA6D0-00A0-430E-9749-F88C72FF2A0D}.Debug|Win32.ActiveCfg = Debug|Win32
		{03ABA6D0-00A0-430E-9749-F88C72FF2A0D}.Debug|Win32.Build.0 = Debug|Win32
		{03ABA6D0-00A0-430E-9749-F88C72FF2A0D}.Debug|Win64.ActiveCfg = Debug|x64
		{03ABA6D0-00A0-430E-9749-F88C72FF2A0D}.Debug|Win64.Build.0 = Debug|x64
		{03ABA6D0-00A0-430E-9749-F88C72FF2A0D}.Release|Win32.ActiveCfg = Release|Win32
		{03ABA6D0-00A0-430E-9749-F88C72FF2A0D}.Release|Win32.Build.0 = Release|Win32
		{03ABA6D0-00A0-430E-9749-F88C72FF2A0D}.Release|Win64.ActiveCfg = Release|x64
		{03ABA6D0-00A0-430E-9749-F88C72FF2A0D}.Release|Win64.Build.0 = Release|x64
		{173AE897-42E3-4372-BB45-2E488B6D8B33}.Debug|Win32.ActiveCfg = Debug|Win32
		{173AE897-42E3-4372-BB45-2E488B6D8B33}.Debug|Win32.Build.0 = Debug|Win32
		{173AE897-42E3-4372-BB45-2E488B6D8B33}.Debug|Win64.ActiveCfg = Debug|x64
		{173AE897-42E3-4372-BB45-2E488B6D8B33}.Debug|Win64.Build.0 = Debug|x64
		{173AE897-42E3-4372-BB45-2E488B6D8B33}.Release|Win32.ActiveCfg = Release|Win32
		{173AE897-42E3-4372-BB45-2E488B6D8B33}.Release|Win32.Build.0 = Release|Win32
		{173AE897-42E3-4372-BB45-2E488B6D8B33}.Release|Win64.ActiveCfg = Release|x64
		{173AE897-42E3-4372-BB45-2E488B6D8B33}.Release|Win64.Build.0 = Release|x64
	EndGlobalSection
	GlobalSection(SolutionProperties) = preSolution
		HideSolutionNode = FALSE
	EndGlobalSection
	GlobalSection(ExtensibilityGlobals) = postSolution
		SolutionGuid = {18E421BD-0192-4F56-909F-DE23CFEDFADC}
	EndGlobalSection
EndGlobal
